# THIS IS AN AUTOGENERATED FILE. DO NOT EDIT THIS FILE DIRECTLY.
# yarn lockfile v1


express-serve-static-core@^0.1.1:
  version "0.1.1"
  resolved "https://registry.yarnpkg.com/express-serve-static-core/-/express-serve-static-core-0.1.1.tgz#222358112a79bc9fbe00838232e8cd2e3132ef37"
  integrity sha1-IiNYESp5vJ++AIOCMujNLjEy7zc=

lodash@^4.17.15:
  version "4.17.15"
  resolved "https://registry.yarnpkg.com/lodash/-/lodash-4.17.15.tgz#b447f6670a0455bbfeedd11392eff330ea097548"
  integrity sha512-8xOcRHvCjnocdS5cpwXQXVzmmh5e5+saE2QGoeQmbKmRS6J3VQppPOIt0MnmE+4xlZoumy0GPG0D0MVIQbNA1A==
